
Microsoft Visual Studio Solution File, Format Version 12.00
# Visual Studio 15
VisualStudioVersion = 15.0.28307.1401
MinimumVisualStudioVersion = 10.0.40219.1
Project("{8BC9CEB8-8B4A-11D0-8D11-00A0C91BC942}") = "ReadLine", "ReadLine\ReadLine.vcxproj", "{4ECA2739-70CD-4BA9-A63E-5B4AB2D7E24A}"
EndProject
Global
	GlobalSection(SolutionConfigurationPlatforms) = preSolution
		Debug|x64 = Debug|x64
		Debug|x86 = Debug|x86
		Release|x64 = Release|x64
		Release|x86 = Release|x86
	EndGlobalSection
	GlobalSection(ProjectConfigurationPlatforms) = postSolution
		{4ECA2739-70CD-4BA9-A63E-5B4AB2D7E24A}.Debug|x64.ActiveCfg = Debug|x64
		{4ECA2739-70CD-4BA9-A63E-5B4AB2D7E24A}.Debug|x64.Build.0 = Debug|x64
		{4ECA2739-70CD-4BA9-A63E-5B4AB2D7E24A}.Debug|x86.ActiveCfg = Debug|Win32
		{4ECA2739-70CD-4BA9-A63E-5B4AB2D7E24A}.Debug|x86.Build.0 = Debug|Win32
		{4ECA2739-70CD-4BA9-A63E-5B4AB2D7E24A}.Release|x64.ActiveCfg = Release|x64
		{4ECA2739-70CD-4BA9-A63E-5B4AB2D7E24A}.Release|x64.Build.0 = Release|x64
		{4ECA2739-70CD-4BA9-A63E-5B4AB2D7E24A}.Release|x86.ActiveCfg = Release|Win32
		{4ECA2739-70CD-4BA9-A63E-5B4AB2D7E24A}.Release|x86.Build.0 = Release|Win32
	EndGlobalSection
	GlobalSection(SolutionProperties) = preSolution
		HideSolutionNode = FALSE
	EndGlobalSection
	GlobalSection(ExtensibilityGlobals) = postSolution
		SolutionGuid = {58906EC5-4AC5-4635-91B4-0EA0BC7D89BB}
	EndGlobalSection
EndGlobal
